
Microsoft Visual Studio Solution File, Format Version 12.00
# Visual Studio Version 16
VisualStudioVersion = 16.0.30907.101
MinimumVisualStudioVersion = 10.0.40219.1
Project("{9A19103F-16F7-4668-BE54-9A1E7A4F7556}") = "KampIntro", "KampIntro\KampIntro.csproj", "{240C5A40-0439-4BCC-AED4-69CE95215B88}"
EndProject
Project("{9A19103F-16F7-4668-BE54-9A1E7A4F7556}") = "Donguler", "Donguler\Donguler.csproj", "{A355D7E6-9F37-4C3E-9CD3-B2737722A822}"
EndProject
Project("{9A19103F-16F7-4668-BE54-9A1E7A4F7556}") = "Metotlar", "Metotlar\Metotlar.csproj", "{ADC95B1D-7A9B-4DC7-84F3-2FA97AA0FCF5}"
EndProject
Project("{9A19103F-16F7-4668-BE54-9A1E7A4F7556}") = "Matematik", "Matematik\Matematik.csproj", "{313153ED-B73F-473C-A3A0-B48D822F5B36}"
EndProject
Project("{9A19103F-16F7-4668-BE54-9A1E7A4F7556}") = "DegerVeReferansTipler", "DegerVeReferansTipler\DegerVeReferansTipler.csproj", "{2C0DB135-48F2-4019-A87D-1408038E29CE}"
EndProject
Project("{9A19103F-16F7-4668-BE54-9A1E7A4F7556}") = "OOP1", "OOP1\OOP1.csproj", "{27EA814F-F99C-4808-A836-5CA273A1AE89}"
EndProject
Project("{FAE04EC0-301F-11D3-BF4B-00C04F79EFBC}") = "Koleksiyonlar", "Koleksiyonlar\Koleksiyonlar.csproj", "{B29296D2-84FF-4DF2-86FE-7B02A381D4E5}"
EndProject
Project("{FAE04EC0-301F-11D3-BF4B-00C04F79EFBC}") = "GenericsIntro", "GenericsIntro\GenericsIntro.csproj", "{FE08542A-049A-479B-A647-D0290F8414BA}"
EndProject
Global
	GlobalSection(SolutionConfigurationPlatforms) = preSolution
		Debug|Any CPU = Debug|Any CPU
		Release|Any CPU = Release|Any CPU
	EndGlobalSection
	GlobalSection(ProjectConfigurationPlatforms) = postSolution
		{240C5A40-0439-4BCC-AED4-69CE95215B88}.Debug|Any CPU.ActiveCfg = Debug|Any CPU
		{240C5A40-0439-4BCC-AED4-69CE95215B88}.Debug|Any CPU.Build.0 = Debug|Any CPU
		{240C5A40-0439-4BCC-AED4-69CE95215B88}.Release|Any CPU.ActiveCfg = Release|Any CPU
		{240C5A40-0439-4BCC-AED4-69CE95215B88}.Release|Any CPU.Build.0 = Release|Any CPU
		{A355D7E6-9F37-4C3E-9CD3-B2737722A822}.Debug|Any CPU.ActiveCfg = Debug|Any CPU
		{A355D7E6-9F37-4C3E-9CD3-B2737722A822}.Debug|Any CPU.Build.0 = Debug|Any CPU
		{A355D7E6-9F37-4C3E-9CD3-B2737722A822}.Release|Any CPU.ActiveCfg = Release|Any CPU
		{A355D7E6-9F37-4C3E-9CD3-B2737722A822}.Release|Any CPU.Build.0 = Release|Any CPU
		{ADC95B1D-7A9B-4DC7-84F3-2FA97AA0FCF5}.Debug|Any CPU.ActiveCfg = Debug|Any CPU
		{ADC95B1D-7A9B-4DC7-84F3-2FA97AA0FCF5}.Debug|Any CPU.Build.0 = Debug|Any CPU
		{ADC95B1D-7A9B-4DC7-84F3-2FA97AA0FCF5}.Release|Any CPU.ActiveCfg = Release|Any CPU
		{ADC95B1D-7A9B-4DC7-84F3-2FA97AA0FCF5}.Release|Any CPU.Build.0 = Release|Any CPU
		{313153ED-B73F-473C-A3A0-B48D822F5B36}.Debug|Any CPU.ActiveCfg = Debug|Any CPU
		{313153ED-B73F-473C-A3A0-B48D822F5B36}.Debug|Any CPU.Build.0 = Debug|Any CPU
		{313153ED-B73F-473C-A3A0-B48D822F5B36}.Release|Any CPU.ActiveCfg = Release|Any CPU
		{313153ED-B73F-473C-A3A0-B48D822F5B36}.Release|Any CPU.Build.0 = Release|Any CPU
		{2C0DB135-48F2-4019-A87D-1408038E29CE}.Debug|Any CPU.ActiveCfg = Debug|Any CPU
		{2C0DB135-48F2-4019-A87D-1408038E29CE}.Debug|Any CPU.Build.0 = Debug|Any CPU
		{2C0DB135-48F2-4019-A87D-1408038E29CE}.Release|Any CPU.ActiveCfg = Release|Any CPU
		{2C0DB135-48F2-4019-A87D-1408038E29CE}.Release|Any CPU.Build.0 = Release|Any CPU
		{27EA814F-F99C-4808-A836-5CA273A1AE89}.Debug|Any CPU.ActiveCfg = Debug|Any CPU
		{27EA814F-F99C-4808-A836-5CA273A1AE89}.Debug|Any CPU.Build.0 = Debug|Any CPU
		{27EA814F-F99C-4808-A836-5CA273A1AE89}.Release|Any CPU.ActiveCfg = Release|Any CPU
		{27EA814F-F99C-4808-A836-5CA273A1AE89}.Release|Any CPU.Build.0 = Release|Any CPU
		{B29296D2-84FF-4DF2-86FE-7B02A381D4E5}.Debug|Any CPU.ActiveCfg = Debug|Any CPU
		{B29296D2-84FF-4DF2-86FE-7B02A381D4E5}.Debug|Any CPU.Build.0 = Debug|Any CPU
		{B29296D2-84FF-4DF2-86FE-7B02A381D4E5}.Release|Any CPU.ActiveCfg = Release|Any CPU
		{B29296D2-84FF-4DF2-86FE-7B02A381D4E5}.Release|Any CPU.Build.0 = Release|Any CPU
		{FE08542A-049A-479B-A647-D0290F8414BA}.Debug|Any CPU.ActiveCfg = Debug|Any CPU
		{FE08542A-049A-479B-A647-D0290F8414BA}.Debug|Any CPU.Build.0 = Debug|Any CPU
		{FE08542A-049A-479B-A647-D0290F8414BA}.Release|Any CPU.ActiveCfg = Release|Any CPU
		{FE08542A-049A-479B-A647-D0290F8414BA}.Release|Any CPU.Build.0 = Release|Any CPU
	EndGlobalSection
	GlobalSection(SolutionProperties) = preSolution
		HideSolutionNode = FALSE
	EndGlobalSection
	GlobalSection(ExtensibilityGlobals) = postSolution
		SolutionGuid = {2F16CBC9-EF7D-4913-8503-0C3063F276B9}
	EndGlobalSection
EndGlobal
